
Microsoft Visual Studio Solution File, Format Version 12.00
# Visual Studio 2015
Project("{FAE04EC0-301F-11D3-BF4B-00C04F79EFBC}") = "RAW", "RAW.csproj", "{96DD5710-20DD-4297-E742-1AF997B5CDE5}"
EndProject
Project("{FAE04EC0-301F-11D3-BF4B-00C04F79EFBC}") = "RAW.Editor", "RAW.Editor.csproj", "{7D5C417E-9055-B968-9031-A1C0CE2140ED}"
EndProject
Global
	GlobalSection(SolutionConfigurationPlatforms) = preSolution
		Debug|Any CPU = Debug|Any CPU
		Release|Any CPU = Release|Any CPU
	EndGlobalSection
	GlobalSection(ProjectConfigurationPlatforms) = postSolution
		{96DD5710-20DD-4297-E742-1AF997B5CDE5}.Debug|Any CPU.ActiveCfg = Debug|Any CPU
		{96DD5710-20DD-4297-E742-1AF997B5CDE5}.Debug|Any CPU.Build.0 = Debug|Any CPU
		{96DD5710-20DD-4297-E742-1AF997B5CDE5}.Release|Any CPU.ActiveCfg = Release|Any CPU
		{96DD5710-20DD-4297-E742-1AF997B5CDE5}.Release|Any CPU.Build.0 = Release|Any CPU
		{7D5C417E-9055-B968-9031-A1C0CE2140ED}.Debug|Any CPU.ActiveCfg = Debug|Any CPU
		{7D5C417E-9055-B968-9031-A1C0CE2140ED}.Debug|Any CPU.Build.0 = Debug|Any CPU
		{7D5C417E-9055-B968-9031-A1C0CE2140ED}.Release|Any CPU.ActiveCfg = Release|Any CPU
		{7D5C417E-9055-B968-9031-A1C0CE2140ED}.Release|Any CPU.Build.0 = Release|Any CPU
	EndGlobalSection
	GlobalSection(SolutionProperties) = preSolution
		HideSolutionNode = FALSE
	EndGlobalSection
EndGlobal
